{
  "object": {
    "pins": [
      {
        "package": "MccCore",
        "repositoryURL": "https://github.com/bitigchi/MccCore.git",
        "state": {
          "branch": null,
          "revision": "9a2bb36360f2d606530474094d56607da0f2292c",
          "version": "0.1.6"
        }
      },
      {
        "package": "swift-argument-parser",
        "repositoryURL": "https://github.com/apple/swift-argument-parser",
        "state": {
          "branch": null,
          "revision": "eb51f949cdd0c9d88abba9ce79d37eb7ea1231d0",
          "version": "0.2.0"
        }
      }
    ]
  },
  "version": 1
}
