{
  "object": {
    "pins": [
      {
        "package": "mccCore",
        "repositoryURL": "https://github.com/bitigchi/mccCore.git",
        "state": {
          "branch": null,
          "revision": "c5522711887762eb1a28025c71acf70683e75c0d",
          "version": "0.1.5"
        }
      },
      {
        "package": "swift-argument-parser",
        "repositoryURL": "https://github.com/apple/swift-argument-parser",
        "state": {
          "branch": null,
          "revision": "9f04d1ff1afbccd02279338a2c91e5f27c45e93a",
          "version": "0.0.5"
        }
      }
    ]
  },
  "version": 1
}
