// !$*UTF8*$!
{
	archiveVersion = 1;
	classes = {
	};
	objectVersion = 52;
	objects = {

/* Begin PBXBuildFile section */
		08B053EF235756A8009FEC7C /* CommandRegistry.swift in Sources */ = {isa = PBXBuildFile; fileRef = 08B053EC235756A7009FEC7C /* CommandRegistry.swift */; };
		08B053F1235756A8009FEC7C /* Command.swift in Sources */ = {isa = PBXBuildFile; fileRef = 08B053EB235756A7009FEC7C /* Command.swift */; };
		08B053F2235756A8009FEC7C /* ConvertCommand.swift in Sources */ = {isa = PBXBuildFile; fileRef = 08B053ED235756A8009FEC7C /* ConvertCommand.swift */; };
		08B053F3235756A8009FEC7C /* ConsoleIO.swift in Sources */ = {isa = PBXBuildFile; fileRef = 08B053EA235756A7009FEC7C /* ConsoleIO.swift */; };
		08B053F62357599E009FEC7C /* mccCore in Frameworks */ = {isa = PBXBuildFile; productRef = 08B053F52357599E009FEC7C /* mccCore */; };
		08B053F923575B3D009FEC7C /* SPMUtility in Frameworks */ = {isa = PBXBuildFile; productRef = 08B053F823575B3D009FEC7C /* SPMUtility */; };
		08B0540323576125009FEC7C /* main.swift in Sources */ = {isa = PBXBuildFile; fileRef = 08B0540223576125009FEC7C /* main.swift */; };
/* End PBXBuildFile section */

/* Begin PBXCopyFilesBuildPhase section */
		086869D12357541E004C2ACE /* CopyFiles */ = {
			isa = PBXCopyFilesBuildPhase;
			buildActionMask = 2147483647;
			dstPath = /usr/share/man/man1/;
			dstSubfolderSpec = 0;
			files = (
			);
			runOnlyForDeploymentPostprocessing = 1;
		};
		08B053FF23575B3D009FEC7C /* Embed Frameworks */ = {
			isa = PBXCopyFilesBuildPhase;
			buildActionMask = 2147483647;
			dstPath = "";
			dstSubfolderSpec = 10;
			files = (
			);
			name = "Embed Frameworks";
			runOnlyForDeploymentPostprocessing = 0;
		};
/* End PBXCopyFilesBuildPhase section */

/* Begin PBXFileReference section */
		086869D32357541E004C2ACE /* mcc */ = {isa = PBXFileReference; explicitFileType = "compiled.mach-o.executable"; includeInIndex = 0; path = mcc; sourceTree = BUILT_PRODUCTS_DIR; };
		086869E023575440004C2ACE /* LinuxMain.swift */ = {isa = PBXFileReference; lastKnownFileType = sourcecode.swift; path = LinuxMain.swift; sourceTree = "<group>"; };
		086869E223575440004C2ACE /* mccCoreTests.swift */ = {isa = PBXFileReference; lastKnownFileType = sourcecode.swift; path = mccCoreTests.swift; sourceTree = "<group>"; };
		086869E323575440004C2ACE /* XCTestManifests.swift */ = {isa = PBXFileReference; lastKnownFileType = sourcecode.swift; path = XCTestManifests.swift; sourceTree = "<group>"; };
		086869E423575440004C2ACE /* README.md */ = {isa = PBXFileReference; lastKnownFileType = net.daringfireball.markdown; path = README.md; sourceTree = "<group>"; };
		086869E523575440004C2ACE /* .gitignore */ = {isa = PBXFileReference; lastKnownFileType = text; path = .gitignore; sourceTree = "<group>"; };
		086869E623575440004C2ACE /* Package.swift */ = {isa = PBXFileReference; lastKnownFileType = sourcecode.swift; path = Package.swift; sourceTree = "<group>"; };
		086869E923575440004C2ACE /* MorseCodeList.swift */ = {isa = PBXFileReference; lastKnownFileType = sourcecode.swift; path = MorseCodeList.swift; sourceTree = "<group>"; };
		086869EA23575440004C2ACE /* mccCore.swift */ = {isa = PBXFileReference; lastKnownFileType = sourcecode.swift; path = mccCore.swift; sourceTree = "<group>"; };
		086869EB23575440004C2ACE /* MorseCodeConverter.swift */ = {isa = PBXFileReference; lastKnownFileType = sourcecode.swift; path = MorseCodeConverter.swift; sourceTree = "<group>"; };
		086869EE23575440004C2ACE /* package.xcworkspace */ = {isa = PBXFileReference; lastKnownFileType = wrapper.workspace; path = package.xcworkspace; sourceTree = "<group>"; };
		086869F223575440004C2ACE /* xcschememanagement.plist */ = {isa = PBXFileReference; lastKnownFileType = text.plist.xml; path = xcschememanagement.plist; sourceTree = "<group>"; };
		08B053EA235756A7009FEC7C /* ConsoleIO.swift */ = {isa = PBXFileReference; lastKnownFileType = sourcecode.swift; path = ConsoleIO.swift; sourceTree = "<group>"; };
		08B053EB235756A7009FEC7C /* Command.swift */ = {isa = PBXFileReference; lastKnownFileType = sourcecode.swift; path = Command.swift; sourceTree = "<group>"; };
		08B053EC235756A7009FEC7C /* CommandRegistry.swift */ = {isa = PBXFileReference; lastKnownFileType = sourcecode.swift; path = CommandRegistry.swift; sourceTree = "<group>"; };
		08B053ED235756A8009FEC7C /* ConvertCommand.swift */ = {isa = PBXFileReference; lastKnownFileType = sourcecode.swift; path = ConvertCommand.swift; sourceTree = "<group>"; };
		08B0540223576125009FEC7C /* main.swift */ = {isa = PBXFileReference; fileEncoding = 4; lastKnownFileType = sourcecode.swift; path = main.swift; sourceTree = "<group>"; };
/* End PBXFileReference section */

/* Begin PBXFrameworksBuildPhase section */
		086869D02357541E004C2ACE /* Frameworks */ = {
			isa = PBXFrameworksBuildPhase;
			buildActionMask = 2147483647;
			files = (
				08B053F923575B3D009FEC7C /* SPMUtility in Frameworks */,
				08B053F62357599E009FEC7C /* mccCore in Frameworks */,
			);
			runOnlyForDeploymentPostprocessing = 0;
		};
/* End PBXFrameworksBuildPhase section */

/* Begin PBXGroup section */
		086869CA2357541E004C2ACE = {
			isa = PBXGroup;
			children = (
				086869D52357541E004C2ACE /* mcc */,
				086869D42357541E004C2ACE /* Products */,
				086869DD23575440004C2ACE /* Frameworks */,
			);
			sourceTree = "<group>";
		};
		086869D42357541E004C2ACE /* Products */ = {
			isa = PBXGroup;
			children = (
				086869D32357541E004C2ACE /* mcc */,
			);
			name = Products;
			sourceTree = "<group>";
		};
		086869D52357541E004C2ACE /* mcc */ = {
			isa = PBXGroup;
			children = (
				08B05401235760CA009FEC7C /* Sources */,
				08B053EB235756A7009FEC7C /* Command.swift */,
				08B053EC235756A7009FEC7C /* CommandRegistry.swift */,
				08B053EA235756A7009FEC7C /* ConsoleIO.swift */,
				08B053ED235756A8009FEC7C /* ConvertCommand.swift */,
			);
			path = mcc;
			sourceTree = "<group>";
		};
		086869DD23575440004C2ACE /* Frameworks */ = {
			isa = PBXGroup;
			children = (
				086869DE23575440004C2ACE /* mccCore */,
			);
			name = Frameworks;
			sourceTree = "<group>";
		};
		086869DE23575440004C2ACE /* mccCore */ = {
			isa = PBXGroup;
			children = (
				086869DF23575440004C2ACE /* Tests */,
				086869E423575440004C2ACE /* README.md */,
				086869E523575440004C2ACE /* .gitignore */,
				086869E623575440004C2ACE /* Package.swift */,
				086869E723575440004C2ACE /* Sources */,
				086869EC23575440004C2ACE /* .swiftpm */,
			);
			name = mccCore;
			path = ../mccCore;
			sourceTree = "<group>";
		};
		086869DF23575440004C2ACE /* Tests */ = {
			isa = PBXGroup;
			children = (
				086869E023575440004C2ACE /* LinuxMain.swift */,
				086869E123575440004C2ACE /* mccCoreTests */,
			);
			path = Tests;
			sourceTree = "<group>";
		};
		086869E123575440004C2ACE /* mccCoreTests */ = {
			isa = PBXGroup;
			children = (
				086869E223575440004C2ACE /* mccCoreTests.swift */,
				086869E323575440004C2ACE /* XCTestManifests.swift */,
			);
			path = mccCoreTests;
			sourceTree = "<group>";
		};
		086869E723575440004C2ACE /* Sources */ = {
			isa = PBXGroup;
			children = (
				086869E823575440004C2ACE /* mccCore */,
			);
			path = Sources;
			sourceTree = "<group>";
		};
		086869E823575440004C2ACE /* mccCore */ = {
			isa = PBXGroup;
			children = (
				086869E923575440004C2ACE /* MorseCodeList.swift */,
				086869EA23575440004C2ACE /* mccCore.swift */,
				086869EB23575440004C2ACE /* MorseCodeConverter.swift */,
			);
			path = mccCore;
			sourceTree = "<group>";
		};
		086869EC23575440004C2ACE /* .swiftpm */ = {
			isa = PBXGroup;
			children = (
				086869ED23575440004C2ACE /* xcode */,
			);
			path = .swiftpm;
			sourceTree = "<group>";
		};
		086869ED23575440004C2ACE /* xcode */ = {
			isa = PBXGroup;
			children = (
				086869EE23575440004C2ACE /* package.xcworkspace */,
				086869EF23575440004C2ACE /* xcuserdata */,
			);
			path = xcode;
			sourceTree = "<group>";
		};
		086869EF23575440004C2ACE /* xcuserdata */ = {
			isa = PBXGroup;
			children = (
				086869F023575440004C2ACE /* emirsari.xcuserdatad */,
			);
			path = xcuserdata;
			sourceTree = "<group>";
		};
		086869F023575440004C2ACE /* emirsari.xcuserdatad */ = {
			isa = PBXGroup;
			children = (
				086869F123575440004C2ACE /* xcschemes */,
			);
			path = emirsari.xcuserdatad;
			sourceTree = "<group>";
		};
		086869F123575440004C2ACE /* xcschemes */ = {
			isa = PBXGroup;
			children = (
				086869F223575440004C2ACE /* xcschememanagement.plist */,
			);
			path = xcschemes;
			sourceTree = "<group>";
		};
		08B05401235760CA009FEC7C /* Sources */ = {
			isa = PBXGroup;
			children = (
				08B0540223576125009FEC7C /* main.swift */,
			);
			path = Sources;
			sourceTree = "<group>";
		};
/* End PBXGroup section */

/* Begin PBXNativeTarget section */
		086869D22357541E004C2ACE /* mcc */ = {
			isa = PBXNativeTarget;
			buildConfigurationList = 086869DA2357541E004C2ACE /* Build configuration list for PBXNativeTarget "mcc" */;
			buildPhases = (
				086869CF2357541E004C2ACE /* Sources */,
				086869D02357541E004C2ACE /* Frameworks */,
				086869D12357541E004C2ACE /* CopyFiles */,
				08B053FF23575B3D009FEC7C /* Embed Frameworks */,
			);
			buildRules = (
			);
			dependencies = (
			);
			name = mcc;
			packageProductDependencies = (
				08B053F52357599E009FEC7C /* mccCore */,
				08B053F823575B3D009FEC7C /* SPMUtility */,
			);
			productName = mcc;
			productReference = 086869D32357541E004C2ACE /* mcc */;
			productType = "com.apple.product-type.tool";
		};
/* End PBXNativeTarget section */

/* Begin PBXProject section */
		086869CB2357541E004C2ACE /* Project object */ = {
			isa = PBXProject;
			attributes = {
				LastSwiftUpdateCheck = 1110;
				LastUpgradeCheck = 1110;
				ORGANIZATIONNAME = "Emir SARI";
				TargetAttributes = {
					086869D22357541E004C2ACE = {
						CreatedOnToolsVersion = 11.1;
					};
				};
			};
			buildConfigurationList = 086869CE2357541E004C2ACE /* Build configuration list for PBXProject "mcc" */;
			compatibilityVersion = "Xcode 9.3";
			developmentRegion = en;
			hasScannedForEncodings = 0;
			knownRegions = (
				en,
				Base,
			);
			mainGroup = 086869CA2357541E004C2ACE;
			packageReferences = (
				08B053F42357599E009FEC7C /* XCRemoteSwiftPackageReference "mccCore" */,
				08B053F723575B3D009FEC7C /* XCRemoteSwiftPackageReference "swift-package-manager" */,
			);
			productRefGroup = 086869D42357541E004C2ACE /* Products */;
			projectDirPath = "";
			projectRoot = "";
			targets = (
				086869D22357541E004C2ACE /* mcc */,
			);
		};
/* End PBXProject section */

/* Begin PBXSourcesBuildPhase section */
		086869CF2357541E004C2ACE /* Sources */ = {
			isa = PBXSourcesBuildPhase;
			buildActionMask = 2147483647;
			files = (
				08B053EF235756A8009FEC7C /* CommandRegistry.swift in Sources */,
				08B0540323576125009FEC7C /* main.swift in Sources */,
				08B053F3235756A8009FEC7C /* ConsoleIO.swift in Sources */,
				08B053F2235756A8009FEC7C /* ConvertCommand.swift in Sources */,
				08B053F1235756A8009FEC7C /* Command.swift in Sources */,
			);
			runOnlyForDeploymentPostprocessing = 0;
		};
/* End PBXSourcesBuildPhase section */

/* Begin XCBuildConfiguration section */
		086869D82357541E004C2ACE /* Debug */ = {
			isa = XCBuildConfiguration;
			buildSettings = {
				ALWAYS_EMBED_SWIFT_STANDARD_LIBRARIES = NO;
				ALWAYS_SEARCH_USER_PATHS = NO;
				CLANG_ANALYZER_NONNULL = YES;
				CLANG_ANALYZER_NUMBER_OBJECT_CONVERSION = YES_AGGRESSIVE;
				CLANG_CXX_LANGUAGE_STANDARD = "gnu++14";
				CLANG_CXX_LIBRARY = "libc++";
				CLANG_ENABLE_MODULES = YES;
				CLANG_ENABLE_OBJC_ARC = YES;
				CLANG_ENABLE_OBJC_WEAK = YES;
				CLANG_WARN_BLOCK_CAPTURE_AUTORELEASING = YES;
				CLANG_WARN_BOOL_CONVERSION = YES;
				CLANG_WARN_COMMA = YES;
				CLANG_WARN_CONSTANT_CONVERSION = YES;
				CLANG_WARN_DEPRECATED_OBJC_IMPLEMENTATIONS = YES;
				CLANG_WARN_DIRECT_OBJC_ISA_USAGE = YES_ERROR;
				CLANG_WARN_DOCUMENTATION_COMMENTS = YES;
				CLANG_WARN_EMPTY_BODY = YES;
				CLANG_WARN_ENUM_CONVERSION = YES;
				CLANG_WARN_INFINITE_RECURSION = YES;
				CLANG_WARN_INT_CONVERSION = YES;
				CLANG_WARN_NON_LITERAL_NULL_CONVERSION = YES;
				CLANG_WARN_OBJC_IMPLICIT_RETAIN_SELF = YES;
				CLANG_WARN_OBJC_LITERAL_CONVERSION = YES;
				CLANG_WARN_OBJC_ROOT_CLASS = YES_ERROR;
				CLANG_WARN_RANGE_LOOP_ANALYSIS = YES;
				CLANG_WARN_STRICT_PROTOTYPES = YES;
				CLANG_WARN_SUSPICIOUS_MOVE = YES;
				CLANG_WARN_UNGUARDED_AVAILABILITY = YES_AGGRESSIVE;
				CLANG_WARN_UNREACHABLE_CODE = YES;
				CLANG_WARN__DUPLICATE_METHOD_MATCH = YES;
				COPY_PHASE_STRIP = NO;
				DEBUG_INFORMATION_FORMAT = dwarf;
				ENABLE_STRICT_OBJC_MSGSEND = YES;
				ENABLE_TESTABILITY = YES;
				GCC_C_LANGUAGE_STANDARD = gnu11;
				GCC_DYNAMIC_NO_PIC = NO;
				GCC_NO_COMMON_BLOCKS = YES;
				GCC_OPTIMIZATION_LEVEL = 0;
				GCC_PREPROCESSOR_DEFINITIONS = (
					"DEBUG=1",
					"$(inherited)",
				);
				GCC_WARN_64_TO_32_BIT_CONVERSION = YES;
				GCC_WARN_ABOUT_RETURN_TYPE = YES_ERROR;
				GCC_WARN_UNDECLARED_SELECTOR = YES;
				GCC_WARN_UNINITIALIZED_AUTOS = YES_AGGRESSIVE;
				GCC_WARN_UNUSED_FUNCTION = YES;
				GCC_WARN_UNUSED_VARIABLE = YES;
				MACOSX_DEPLOYMENT_TARGET = 10.15;
				MTL_ENABLE_DEBUG_INFO = INCLUDE_SOURCE;
				MTL_FAST_MATH = YES;
				ONLY_ACTIVE_ARCH = YES;
				SDKROOT = macosx;
				SWIFT_ACTIVE_COMPILATION_CONDITIONS = DEBUG;
				SWIFT_OPTIMIZATION_LEVEL = "-Onone";
			};
			name = Debug;
		};
		086869D92357541E004C2ACE /* Release */ = {
			isa = XCBuildConfiguration;
			buildSettings = {
				ALWAYS_EMBED_SWIFT_STANDARD_LIBRARIES = NO;
				ALWAYS_SEARCH_USER_PATHS = NO;
				CLANG_ANALYZER_NONNULL = YES;
				CLANG_ANALYZER_NUMBER_OBJECT_CONVERSION = YES_AGGRESSIVE;
				CLANG_CXX_LANGUAGE_STANDARD = "gnu++14";
				CLANG_CXX_LIBRARY = "libc++";
				CLANG_ENABLE_MODULES = YES;
				CLANG_ENABLE_OBJC_ARC = YES;
				CLANG_ENABLE_OBJC_WEAK = YES;
				CLANG_WARN_BLOCK_CAPTURE_AUTORELEASING = YES;
				CLANG_WARN_BOOL_CONVERSION = YES;
				CLANG_WARN_COMMA = YES;
				CLANG_WARN_CONSTANT_CONVERSION = YES;
				CLANG_WARN_DEPRECATED_OBJC_IMPLEMENTATIONS = YES;
				CLANG_WARN_DIRECT_OBJC_ISA_USAGE = YES_ERROR;
				CLANG_WARN_DOCUMENTATION_COMMENTS = YES;
				CLANG_WARN_EMPTY_BODY = YES;
				CLANG_WARN_ENUM_CONVERSION = YES;
				CLANG_WARN_INFINITE_RECURSION = YES;
				CLANG_WARN_INT_CONVERSION = YES;
				CLANG_WARN_NON_LITERAL_NULL_CONVERSION = YES;
				CLANG_WARN_OBJC_IMPLICIT_RETAIN_SELF = YES;
				CLANG_WARN_OBJC_LITERAL_CONVERSION = YES;
				CLANG_WARN_OBJC_ROOT_CLASS = YES_ERROR;
				CLANG_WARN_RANGE_LOOP_ANALYSIS = YES;
				CLANG_WARN_STRICT_PROTOTYPES = YES;
				CLANG_WARN_SUSPICIOUS_MOVE = YES;
				CLANG_WARN_UNGUARDED_AVAILABILITY = YES_AGGRESSIVE;
				CLANG_WARN_UNREACHABLE_CODE = YES;
				CLANG_WARN__DUPLICATE_METHOD_MATCH = YES;
				COPY_PHASE_STRIP = NO;
				DEBUG_INFORMATION_FORMAT = "dwarf-with-dsym";
				ENABLE_NS_ASSERTIONS = NO;
				ENABLE_STRICT_OBJC_MSGSEND = YES;
				GCC_C_LANGUAGE_STANDARD = gnu11;
				GCC_NO_COMMON_BLOCKS = YES;
				GCC_WARN_64_TO_32_BIT_CONVERSION = YES;
				GCC_WARN_ABOUT_RETURN_TYPE = YES_ERROR;
				GCC_WARN_UNDECLARED_SELECTOR = YES;
				GCC_WARN_UNINITIALIZED_AUTOS = YES_AGGRESSIVE;
				GCC_WARN_UNUSED_FUNCTION = YES;
				GCC_WARN_UNUSED_VARIABLE = YES;
				MACOSX_DEPLOYMENT_TARGET = 10.15;
				MTL_ENABLE_DEBUG_INFO = NO;
				MTL_FAST_MATH = YES;
				SDKROOT = macosx;
				SWIFT_COMPILATION_MODE = wholemodule;
				SWIFT_OPTIMIZATION_LEVEL = "-O";
			};
			name = Release;
		};
		086869DB2357541E004C2ACE /* Debug */ = {
			isa = XCBuildConfiguration;
			buildSettings = {
				CODE_SIGN_STYLE = Automatic;
				DEVELOPMENT_TEAM = D4YF34WLDG;
				ENABLE_HARDENED_RUNTIME = YES;
				PRODUCT_NAME = "$(TARGET_NAME)";
				SWIFT_VERSION = 5.0;
			};
			name = Debug;
		};
		086869DC2357541E004C2ACE /* Release */ = {
			isa = XCBuildConfiguration;
			buildSettings = {
				CODE_SIGN_STYLE = Automatic;
				DEVELOPMENT_TEAM = D4YF34WLDG;
				ENABLE_HARDENED_RUNTIME = YES;
				PRODUCT_NAME = "$(TARGET_NAME)";
				SWIFT_VERSION = 5.0;
			};
			name = Release;
		};
/* End XCBuildConfiguration section */

/* Begin XCConfigurationList section */
		086869CE2357541E004C2ACE /* Build configuration list for PBXProject "mcc" */ = {
			isa = XCConfigurationList;
			buildConfigurations = (
				086869D82357541E004C2ACE /* Debug */,
				086869D92357541E004C2ACE /* Release */,
			);
			defaultConfigurationIsVisible = 0;
			defaultConfigurationName = Release;
		};
		086869DA2357541E004C2ACE /* Build configuration list for PBXNativeTarget "mcc" */ = {
			isa = XCConfigurationList;
			buildConfigurations = (
				086869DB2357541E004C2ACE /* Debug */,
				086869DC2357541E004C2ACE /* Release */,
			);
			defaultConfigurationIsVisible = 0;
			defaultConfigurationName = Release;
		};
/* End XCConfigurationList section */

/* Begin XCRemoteSwiftPackageReference section */
		08B053F42357599E009FEC7C /* XCRemoteSwiftPackageReference "mccCore" */ = {
			isa = XCRemoteSwiftPackageReference;
			repositoryURL = "https://github.com/bitigchi/mccCore.git";
			requirement = {
				kind = exactVersion;
				version = 0.1.0;
			};
		};
		08B053F723575B3D009FEC7C /* XCRemoteSwiftPackageReference "swift-package-manager" */ = {
			isa = XCRemoteSwiftPackageReference;
			repositoryURL = "https://github.com/apple/swift-package-manager.git";
			requirement = {
				kind = upToNextMajorVersion;
				minimumVersion = 0.5.0;
			};
		};
/* End XCRemoteSwiftPackageReference section */

/* Begin XCSwiftPackageProductDependency section */
		08B053F52357599E009FEC7C /* mccCore */ = {
			isa = XCSwiftPackageProductDependency;
			package = 08B053F42357599E009FEC7C /* XCRemoteSwiftPackageReference "mccCore" */;
			productName = mccCore;
		};
		08B053F823575B3D009FEC7C /* SPMUtility */ = {
			isa = XCSwiftPackageProductDependency;
			package = 08B053F723575B3D009FEC7C /* XCRemoteSwiftPackageReference "swift-package-manager" */;
			productName = SPMUtility;
		};
/* End XCSwiftPackageProductDependency section */
	};
	rootObject = 086869CB2357541E004C2ACE /* Project object */;
}
